
Microsoft Visual Studio Solution File, Format Version 12.00
# Visual Studio Version 17
VisualStudioVersion = 17.9.34616.47
MinimumVisualStudioVersion = 10.0.40219.1
Project("{8BC9CEB8-8B4A-11D0-8D11-00A0C91BC942}") = "solvemutiwaris", "solvemutiwaris\solvemutiwaris.vcxproj", "{4A3A1D3C-71B3-4D9F-94BD-B08537386C8C}"
EndProject
Project("{8BC9CEB8-8B4A-11D0-8D11-00A0C91BC942}") = "polimorpi", "polimorpi\polimorpi.vcxproj", "{AEA833A6-8270-4511-8B50-93F038CAA40C}"
EndProject
Project("{8BC9CEB8-8B4A-11D0-8D11-00A0C91BC942}") = "multiwaris", "multiwaris\multiwaris.vcxproj", "{E47CA82B-7AC9-4B9B-9516-414C0ADD94A1}"
EndProject
Project("{8BC9CEB8-8B4A-11D0-8D11-00A0C91BC942}") = "noPewarisan", "noPewarisan\noPewarisan.vcxproj", "{1B21C8F4-C772-4941-83C2-771825EBC0E1}"
EndProject
Global
	GlobalSection(SolutionConfigurationPlatforms) = preSolution
		Debug|x64 = Debug|x64
		Debug|x86 = Debug|x86
		Release|x64 = Release|x64
		Release|x86 = Release|x86
	EndGlobalSection
	GlobalSection(ProjectConfigurationPlatforms) = postSolution
		{4A3A1D3C-71B3-4D9F-94BD-B08537386C8C}.Debug|x64.ActiveCfg = Debug|x64
		{4A3A1D3C-71B3-4D9F-94BD-B08537386C8C}.Debug|x64.Build.0 = Debug|x64
		{4A3A1D3C-71B3-4D9F-94BD-B08537386C8C}.Debug|x86.ActiveCfg = Debug|Win32
		{4A3A1D3C-71B3-4D9F-94BD-B08537386C8C}.Debug|x86.Build.0 = Debug|Win32
		{4A3A1D3C-71B3-4D9F-94BD-B08537386C8C}.Release|x64.ActiveCfg = Release|x64
		{4A3A1D3C-71B3-4D9F-94BD-B08537386C8C}.Release|x64.Build.0 = Release|x64
		{4A3A1D3C-71B3-4D9F-94BD-B08537386C8C}.Release|x86.ActiveCfg = Release|Win32
		{4A3A1D3C-71B3-4D9F-94BD-B08537386C8C}.Release|x86.Build.0 = Release|Win32
		{AEA833A6-8270-4511-8B50-93F038CAA40C}.Debug|x64.ActiveCfg = Debug|x64
		{AEA833A6-8270-4511-8B50-93F038CAA40C}.Debug|x64.Build.0 = Debug|x64
		{AEA833A6-8270-4511-8B50-93F038CAA40C}.Debug|x86.ActiveCfg = Debug|Win32
		{AEA833A6-8270-4511-8B50-93F038CAA40C}.Debug|x86.Build.0 = Debug|Win32
		{AEA833A6-8270-4511-8B50-93F038CAA40C}.Release|x64.ActiveCfg = Release|x64
		{AEA833A6-8270-4511-8B50-93F038CAA40C}.Release|x64.Build.0 = Release|x64
		{AEA833A6-8270-4511-8B50-93F038CAA40C}.Release|x86.ActiveCfg = Release|Win32
		{AEA833A6-8270-4511-8B50-93F038CAA40C}.Release|x86.Build.0 = Release|Win32
		{E47CA82B-7AC9-4B9B-9516-414C0ADD94A1}.Debug|x64.ActiveCfg = Debug|x64
		{E47CA82B-7AC9-4B9B-9516-414C0ADD94A1}.Debug|x64.Build.0 = Debug|x64
		{E47CA82B-7AC9-4B9B-9516-414C0ADD94A1}.Debug|x86.ActiveCfg = Debug|Win32
		{E47CA82B-7AC9-4B9B-9516-414C0ADD94A1}.Debug|x86.Build.0 = Debug|Win32
		{E47CA82B-7AC9-4B9B-9516-414C0ADD94A1}.Release|x64.ActiveCfg = Release|x64
		{E47CA82B-7AC9-4B9B-9516-414C0ADD94A1}.Release|x64.Build.0 = Release|x64
		{E47CA82B-7AC9-4B9B-9516-414C0ADD94A1}.Release|x86.ActiveCfg = Release|Win32
		{E47CA82B-7AC9-4B9B-9516-414C0ADD94A1}.Release|x86.Build.0 = Release|Win32
		{1B21C8F4-C772-4941-83C2-771825EBC0E1}.Debug|x64.ActiveCfg = Debug|x64
		{1B21C8F4-C772-4941-83C2-771825EBC0E1}.Debug|x64.Build.0 = Debug|x64
		{1B21C8F4-C772-4941-83C2-771825EBC0E1}.Debug|x86.ActiveCfg = Debug|Win32
		{1B21C8F4-C772-4941-83C2-771825EBC0E1}.Debug|x86.Build.0 = Debug|Win32
		{1B21C8F4-C772-4941-83C2-771825EBC0E1}.Release|x64.ActiveCfg = Release|x64
		{1B21C8F4-C772-4941-83C2-771825EBC0E1}.Release|x64.Build.0 = Release|x64
		{1B21C8F4-C772-4941-83C2-771825EBC0E1}.Release|x86.ActiveCfg = Release|Win32
		{1B21C8F4-C772-4941-83C2-771825EBC0E1}.Release|x86.Build.0 = Release|Win32
	EndGlobalSection
	GlobalSection(SolutionProperties) = preSolution
		HideSolutionNode = FALSE
	EndGlobalSection
	GlobalSection(ExtensibilityGlobals) = postSolution
		SolutionGuid = {ADA273EA-0C04-4242-9471-28E378C6C37B}
	EndGlobalSection
EndGlobal
